
Microsoft Visual Studio Solution File, Format Version 12.00
# Visual Studio Version 17
VisualStudioVersion = 17.1.31903.286
MinimumVisualStudioVersion = 10.0.40219.1
Project("{FAE04EC0-301F-11D3-BF4B-00C04F79EFBC}") = "Project_16_7", "Project_16_7\Project_16_7.csproj", "{BD374219-DCE8-4853-BB5D-3DA0A8B52836}"
EndProject
Project("{FAE04EC0-301F-11D3-BF4B-00C04F79EFBC}") = "CalculatorTests", "CalculatorTests\CalculatorTests.csproj", "{C636700B-F61E-479E-AFD0-5154C53443B8}"
EndProject
Global
	GlobalSection(SolutionConfigurationPlatforms) = preSolution
		Debug|Any CPU = Debug|Any CPU
		Release|Any CPU = Release|Any CPU
	EndGlobalSection
	GlobalSection(ProjectConfigurationPlatforms) = postSolution
		{BD374219-DCE8-4853-BB5D-3DA0A8B52836}.Debug|Any CPU.ActiveCfg = Debug|Any CPU
		{BD374219-DCE8-4853-BB5D-3DA0A8B52836}.Debug|Any CPU.Build.0 = Debug|Any CPU
		{BD374219-DCE8-4853-BB5D-3DA0A8B52836}.Release|Any CPU.ActiveCfg = Release|Any CPU
		{BD374219-DCE8-4853-BB5D-3DA0A8B52836}.Release|Any CPU.Build.0 = Release|Any CPU
		{C636700B-F61E-479E-AFD0-5154C53443B8}.Debug|Any CPU.ActiveCfg = Debug|Any CPU
		{C636700B-F61E-479E-AFD0-5154C53443B8}.Debug|Any CPU.Build.0 = Debug|Any CPU
		{C636700B-F61E-479E-AFD0-5154C53443B8}.Release|Any CPU.ActiveCfg = Release|Any CPU
		{C636700B-F61E-479E-AFD0-5154C53443B8}.Release|Any CPU.Build.0 = Release|Any CPU
	EndGlobalSection
	GlobalSection(SolutionProperties) = preSolution
		HideSolutionNode = FALSE
	EndGlobalSection
	GlobalSection(ExtensibilityGlobals) = postSolution
		SolutionGuid = {0D0E8187-BE37-4C6F-8675-AD719744178F}
	EndGlobalSection
EndGlobal
